uuid: 59249631-a51a-4876-9b50-c82e6a6efed4
langcode: en
status: false
dependencies:
  module:
    - twitter_block
  theme:
    - pmmi_bootstrap
id: twitterblock
theme: pmmi_bootstrap
region: '-1'
weight: -7
provider: null
plugin: twitter_block
settings:
  id: twitter_block
  label: 'Twitter block'
  provider: twitter_block
  label_display: visible
  username: PMMIOrg
  theme: ''
  link_color: ''
  width: '300'
  height: '300'
  chrome:
    noheader: noheader
    nofooter: nofooter
    noborders: noborders
    noscrollbar: noscrollbar
    transparent: transparent
  border_color: ''
  language: en-US
  tweet_limit: ''
  related: ''
  polite: polite
visibility: {  }
